
Microsoft Visual Studio Solution File, Format Version 12.00
# Visual Studio Version 16
VisualStudioVersion = 16.0.30128.74
MinimumVisualStudioVersion = 10.0.40219.1
Project("{FAE04EC0-301F-11D3-BF4B-00C04F79EFBC}") = "Azure-Learning", "Azure-Learning.csproj", "{722F047C-C9CD-459A-B434-1994508D3FFD}"
EndProject
Global
	GlobalSection(SolutionConfigurationPlatforms) = preSolution
		Debug|Any CPU = Debug|Any CPU
		Release|Any CPU = Release|Any CPU
	EndGlobalSection
	GlobalSection(ProjectConfigurationPlatforms) = postSolution
		{722F047C-C9CD-459A-B434-1994508D3FFD}.Debug|Any CPU.ActiveCfg = Debug|Any CPU
		{722F047C-C9CD-459A-B434-1994508D3FFD}.Debug|Any CPU.Build.0 = Debug|Any CPU
		{722F047C-C9CD-459A-B434-1994508D3FFD}.Release|Any CPU.ActiveCfg = Release|Any CPU
		{722F047C-C9CD-459A-B434-1994508D3FFD}.Release|Any CPU.Build.0 = Release|Any CPU
	EndGlobalSection
	GlobalSection(SolutionProperties) = preSolution
		HideSolutionNode = FALSE
	EndGlobalSection
	GlobalSection(ExtensibilityGlobals) = postSolution
		SolutionGuid = {5B6D2BF7-792D-408E-9EE6-C2853473AFAF}
	EndGlobalSection
EndGlobal
